{
  "pins" : [
    {
      "identity" : "swiftcsv",
      "kind" : "remoteSourceControl",
      "location" : "https://github.com/swiftcsv/SwiftCSV.git",
      "state" : {
        "revision" : "96fa14b92e88e0befdbc8bc31c7c2c9594a30060",
        "version" : "0.8.1"
      }
    },
    {
      "identity" : "swiftsoup",
      "kind" : "remoteSourceControl",
      "location" : "https://github.com/scinfu/SwiftSoup.git",
      "state" : {
        "branch" : "master",
        "revision" : "f707b8680cddb96dc1855632340a572ef37bbb98"
      }
    }
  ],
  "version" : 2
}
